
Microsoft Visual Studio Solution File, Format Version 12.00
# Visual Studio Version 16
VisualStudioVersion = 16.0.31729.503
MinimumVisualStudioVersion = 10.0.40219.1
Project("{FAE04EC0-301F-11D3-BF4B-00C04F79EFBC}") = "DinosParking", "DinosParking.csproj", "{1247C241-3BBD-458C-A4D5-0EC0D085706C}"
EndProject
Global
	GlobalSection(SolutionConfigurationPlatforms) = preSolution
		Debug|Any CPU = Debug|Any CPU
		Release|Any CPU = Release|Any CPU
	EndGlobalSection
	GlobalSection(ProjectConfigurationPlatforms) = postSolution
		{1247C241-3BBD-458C-A4D5-0EC0D085706C}.Debug|Any CPU.ActiveCfg = Debug|Any CPU
		{1247C241-3BBD-458C-A4D5-0EC0D085706C}.Debug|Any CPU.Build.0 = Debug|Any CPU
		{1247C241-3BBD-458C-A4D5-0EC0D085706C}.Release|Any CPU.ActiveCfg = Release|Any CPU
		{1247C241-3BBD-458C-A4D5-0EC0D085706C}.Release|Any CPU.Build.0 = Release|Any CPU
	EndGlobalSection
	GlobalSection(SolutionProperties) = preSolution
		HideSolutionNode = FALSE
	EndGlobalSection
	GlobalSection(ExtensibilityGlobals) = postSolution
		SolutionGuid = {92D442BD-48AC-4BA2-99DC-345EEFB6DAAA}
	EndGlobalSection
EndGlobal
